
Microsoft Visual Studio Solution File, Format Version 12.00
# Visual Studio Version 17
VisualStudioVersion = 17.4.33110.190
MinimumVisualStudioVersion = 10.0.40219.1
Project("{FAE04EC0-301F-11D3-BF4B-00C04F79EFBC}") = "MinimalApi.net7", "MinimalApi.net7\MinimalApi.net7.csproj", "{BCB652F5-230E-427F-94B2-D0C34C30BFF7}"
EndProject
Global
	GlobalSection(SolutionConfigurationPlatforms) = preSolution
		Debug|Any CPU = Debug|Any CPU
		Release|Any CPU = Release|Any CPU
	EndGlobalSection
	GlobalSection(ProjectConfigurationPlatforms) = postSolution
		{BCB652F5-230E-427F-94B2-D0C34C30BFF7}.Debug|Any CPU.ActiveCfg = Debug|Any CPU
		{BCB652F5-230E-427F-94B2-D0C34C30BFF7}.Debug|Any CPU.Build.0 = Debug|Any CPU
		{BCB652F5-230E-427F-94B2-D0C34C30BFF7}.Release|Any CPU.ActiveCfg = Release|Any CPU
		{BCB652F5-230E-427F-94B2-D0C34C30BFF7}.Release|Any CPU.Build.0 = Release|Any CPU
	EndGlobalSection
	GlobalSection(SolutionProperties) = preSolution
		HideSolutionNode = FALSE
	EndGlobalSection
	GlobalSection(ExtensibilityGlobals) = postSolution
		SolutionGuid = {27D95454-2A9F-4536-9015-B6E29CC15906}
	EndGlobalSection
EndGlobal
